
Microsoft Visual Studio Solution File, Format Version 12.00
# Visual Studio Version 16
VisualStudioVersion = 16.0.28729.10
MinimumVisualStudioVersion = 10.0.40219.1
Project("{FAE04EC0-301F-11D3-BF4B-00C04F79EFBC}") = "Minesweeper", "Minesweeper\Minesweeper.csproj", "{102C5D17-8821-4804-98AE-FD27AC92EEDA}"
EndProject
Global
	GlobalSection(SolutionConfigurationPlatforms) = preSolution
		Debug|Any CPU = Debug|Any CPU
		Release|Any CPU = Release|Any CPU
	EndGlobalSection
	GlobalSection(ProjectConfigurationPlatforms) = postSolution
		{102C5D17-8821-4804-98AE-FD27AC92EEDA}.Debug|Any CPU.ActiveCfg = Debug|Any CPU
		{102C5D17-8821-4804-98AE-FD27AC92EEDA}.Debug|Any CPU.Build.0 = Debug|Any CPU
		{102C5D17-8821-4804-98AE-FD27AC92EEDA}.Release|Any CPU.ActiveCfg = Release|Any CPU
		{102C5D17-8821-4804-98AE-FD27AC92EEDA}.Release|Any CPU.Build.0 = Release|Any CPU
	EndGlobalSection
	GlobalSection(SolutionProperties) = preSolution
		HideSolutionNode = FALSE
	EndGlobalSection
	GlobalSection(ExtensibilityGlobals) = postSolution
		SolutionGuid = {9A86CCD6-5EE5-4DB9-8DFA-60C314CB86C6}
	EndGlobalSection
EndGlobal
